# This file is automatically @generated by Poetry 2.2.1 and should not be changed by hand.

[[package]]
name = "cffi"
version = "2.0.0"
description = "Foreign Function Interface for Python calling C code."
optional = false
python-versions = ">=3.9"
groups = ["main"]
files = [
    {file = "cffi-2.0.0-cp310-cp310-macosx_10_13_x86_64.whl", hash = "sha256:0cf2d91ecc3fcc0625c2c530fe004f82c110405f101548512cce44322fa8ac44"},
    {file = "cffi-2.0.0-cp310-cp310-macosx_11_0_arm64.whl", hash = "sha256:f73b96c41e3b2adedc34a7356e64c8eb96e03a3782b535e043a986276ce12a49"},
    {file = "cffi-2.0.0-cp310-cp310-manylinux1_i686.manylinux2014_i686.manylinux_2_17_i686.manylinux_2_5_i686.whl", hash = "sha256:53f77cbe57044e88bbd5ed26ac1d0514d2acf0591dd6bb02a3ae37f76811b80c"},
    {file = "cffi-2.0.0-cp310-cp310-manylinux2014_aarch64.manylinux_2_17_aarch64.whl", hash = "sha256:3e837e369566884707ddaf85fc1744b47575005c0a229de3327f8f9a20f4efeb"},
    {file = "cffi-2.0.0-cp310-cp310-manylinux2014_ppc64le.manylinux_2_17_ppc64le.whl", hash = "sha256:5eda85d6d1879e692d546a078b44251cdd08dd1cfb98dfb77b670c97cee49ea0"},
    {file = "cffi-2.0.0-cp310-cp310-manylinux2014_s390x.manylinux_2_17_s390x.whl", hash = "sha256:9332088d75dc3241c702d852d4671613136d90fa6881da7d770a483fd05248b4"},
    {file = "cffi-2.0.0-cp310-cp310-manylinux2014_x86_64.manylinux_2_17_x86_64.whl", hash = "sha256:fc7de24befaeae77ba923797c7c87834c73648a05a4bde34b3b7e5588973a453"},
    {file = "cffi-2.0.0-cp310-cp310-musllinux_1_2_aarch64.whl", hash = "sha256:cf364028c016c03078a23b503f02058f1814320a56ad535686f90565636a9495"},
    {file = "cffi-2.0.0-cp310-cp310-musllinux_1_2_i686.whl", hash = "sha256:e11e82b744887154b182fd3e7e8512418446501191994dbf9c9fc1f32cc8efd5"},
    {file = "cffi-2.0.0-cp310-cp310-musllinux_1_2_x86_64.whl", hash = "sha256:8ea985900c5c95ce9db1745f7933eeef5d314f0565b27625d9a10ec9881e1bfb"},
    {file = "cffi-2.0.0-cp310-cp310-win32.whl", hash = "sha256:1f72fb8906754ac8a2cc3f9f5aaa298070652a0ffae577e0ea9bd480dc3c931a"},
    {file = "cffi-2.0.0-cp310-cp310-win_amd64.whl", hash = "sha256:b18a3ed7d5b3bd8d9ef7a8cb226502c6bf8308df1525e1cc676c3680e7176739"},
    {file = "cffi-2.0.0-cp311-cp311-macosx_10_13_x86_64.whl", hash = "sha256:b4c854ef3adc177950a8dfc81a86f5115d2abd545751a304c5bcf2c2c7283cfe"},
    {file = "cffi-2.0.0-cp311-cp311-macosx_11_0_arm64.whl", hash = "sha256:2de9a304e27f7596cd03d16f1b7c72219bd944e99cc52b84d0145aefb07cbd3c"},
    {file = "cffi-2.0.0-cp311-cp311-manylinux1_i686.manylinux2014_i686.manylinux_2_17_i686.manylinux_2_5_i686.whl", hash = "sha256:baf5215e0ab74c16e2dd324e8ec067ef59e41125d3eade2b863d294fd5035c92"},
    {file = "cffi-2.0.0-cp311-cp311-manylinux2014_aarch64.manylinux_2_17_aarch64.whl", hash = "sha256:730cacb21e1bdff3ce90babf007d0a0917cc3e6492f336c2f0134101e0944f93"},
    {file = "cffi-2.0.0-cp311-cp311-manylinux2014_ppc64le.manylinux_2_17_ppc64le.whl", hash = "sha256:6824f87845e3396029f3820c206e459ccc91760e8fa24422f8b0c3d1731cbec5"},
    {file = "cffi-2.0.0-cp311-cp311-manylinux2014_s390x.manylinux_2_17_s390x.whl", hash = "sha256:9de40a7b0323d889cf8d23d1ef214f565ab154443c42737dfe52ff82cf857664"},
    {file = "cffi-2.0.0-cp311-cp311-manylinux2014_x86_64.manylinux_2_17_x86_64.whl", hash = "sha256:8941aaadaf67246224cee8c3803777eed332a19d909b47e29c9842ef1e79ac26"},
    {file = "cffi-2.0.0-cp311-cp311-musllinux_1_2_aarch64.whl", hash = "sha256:a05d0c237b3349096d3981b727493e22147f934b20f6f125a3eba8f994bec4a9"},
    {file = "cffi-2.0.0-cp311-cp311-musllinux_1_2_i686.whl", hash = "sha256:94698a9c5f91f9d138526b48fe26a199609544591f859c870d477351dc7b2414"},
    {file = "cffi-2.0.0-cp311-cp311-musllinux_1_2_x86_64.whl", hash = "sha256:5fed36fccc0612a53f1d4d9a816b50a36702c28a2aa880cb8a122b3466638743"},
    {file = "cffi-2.0.0-cp311-cp311-win32.whl", hash = "sha256:c649e3a33450ec82378822b3dad03cc228b8f5963c0c12fc3b1e0ab940f768a5"},
    {file = "cffi-2.0.0-cp311-cp311-win_amd64.whl", hash = "sha256:66f011380d0e49ed280c789fbd08ff0d40968ee7b665575489afa95c98196ab5"},
    {file = "cffi-2.0.0-cp311-cp311-win_arm64.whl", hash = "sha256:c6638687455baf640e37344fe26d37c404db8b80d037c3d29f58fe8d1c3b194d"},
    {file = "cffi-2.0.0-cp312-cp312-macosx_10_13_x86_64.whl", hash = "sha256:6d02d6655b0e54f54c4ef0b94eb6be0607b70853c45ce98bd278dc7de718be5d"},
    {file = "cffi-2.0.0-cp312-cp312-macosx_11_0_arm64.whl", hash = "sha256:8eca2a813c1cb7ad4fb74d368c2ffbbb4789d377ee5bb8df98373c2cc0dee76c"},
    {file = "cffi-2.0.0-cp312-cp312-manylinux1_i686.manylinux2014_i686.manylinux_2_17_i686.manylinux_2_5_i686.whl", hash = "sha256:21d1152871b019407d8ac3985f6775c079416c282e431a4da6afe7aefd2bccbe"},
    {file = "cffi-2.0.0-cp312-cp312-manylinux2014_aarch64.manylinux_2_17_aarch64.whl", hash = "sha256:b21e08af67b8a103c71a250401c78d5e0893beff75e28c53c98f4de42f774062"},
    {file = "cffi-2.0.0-cp312-cp312-manylinux2014_ppc64le.manylinux_2_17_ppc64le.whl", hash = "sha256:1e3a615586f05fc4065a8b22b8152f0c1b00cdbc60596d187c2a74f9e3036e4e"},
    {file = "cffi-2.0.0-cp312-cp312-manylinux2014_s390x.manylinux_2_17_s390x.whl", hash = "sha256:81afed14892743bbe14dacb9e36d9e0e504cd204e0b165062c488942b9718037"},
    {file = "cffi-2.0.0-cp312-cp312-manylinux2014_x86_64.manylinux_2_17_x86_64.whl", hash = "sha256:3e17ed538242334bf70832644a32a7aae3d83b57567f9fd60a26257e992b79ba"},
    {file = "cffi-2.0.0-cp312-cp312-musllinux_1_2_aarch64.whl", hash = "sha256:3925dd22fa2b7699ed2617149842d2e6adde22b262fcbfada50e3d195e4b3a94"},
    {file = "cffi-2.0.0-cp312-cp312-musllinux_1_2_x86_64.whl", hash = "sha256:2c8f814d84194c9ea681642fd164267891702542f028a15fc97d4674b6206187"},
    {file = "cffi-2.0.0-cp312-cp312-win32.whl", hash = "sha256:da902562c3e9c550df360bfa53c035b2f241fed6d9aef119048073680ace4a18"},
    {file = "cffi-2.0.0-cp312-cp312-win_amd64.whl", hash = "sha256:da68248800ad6320861f129cd9c1bf96ca849a2771a59e0344e88681905916f5"},
    {file = "cffi-2.0.0-cp312-cp312-win_arm64.whl", hash = "sha256:4671d9dd5ec934cb9a73e7ee9676f9362aba54f7f34910956b84d727b0d73fb6"},
    {file = "cffi-2.0.0-cp313-cp313-macosx_10_13_x86_64.whl", hash = "sha256:00bdf7acc5f795150faa6957054fbbca2439db2f775ce831222b66f192f03beb"},
    {file = "cffi-2.0.0-cp313-cp313-macosx_11_0_arm64.whl", hash = "sha256:45d5e886156860dc35862657e1494b9bae8dfa63bf56796f2fb56e1679fc0bca"},
    {file = "cffi-2.0.0-cp313-cp313-manylinux1_i686.manylinux2014_i686.manylinux_2_17_i686.manylinux_2_5_i686.whl", hash = "sha256:07b271772c100085dd28b74fa0cd81c8fb1a3ba18b21e03d7c27f3436a10606b"},
    {file = "cffi-2.0.0-cp313-cp313-manylinux2014_aarch64.manylinux_2_17_aarch64.whl", hash = "sha256:d48a880098c96020b02d5a1f7d9251308510ce8858940e6fa99ece33f610838b"},
    {file = "cffi-2.0.0-cp313-cp313-manylinux2014_ppc64le.manylinux_2_17_ppc64le.whl", hash = "sha256:f93fd8e5c8c0a4aa1f424d6173f14a892044054871c771f8566e4008eaa359d2"},
    {file = "cffi-2.0.0-cp313-cp313-manylinux2014_s390x.manylinux_2_17_s390x.whl", hash = "sha256:dd4f05f54a52fb558f1ba9f528228066954fee3ebe629fc1660d874d040ae5a3"},
    {file = "cffi-2.0.0-cp313-cp313-manylinux2014_x86_64.manylinux_2_17_x86_64.whl", hash = "sha256:c8d3b5532fc71b7a77c09192b4a5a200ea992702734a2e9279a37f2478236f26"},
    {file = "cffi-2.0.0-cp313-cp313-musllinux_1_2_aarch64.whl", hash = "sha256:d9b29c1f0ae438d5ee9acb31cadee00a58c46cc9c0b2f9038c6b0b3470877a8c"},
    {file = "cffi-2.0.0-cp313-cp313-musllinux_1_2_x86_64.whl", hash = "sha256:6d50360be4546678fc1b79ffe7a66265e28667840010348dd69a314145807a1b"},
    {file = "cffi-2.0.0-cp313-cp313-win32.whl", hash = "sha256:74a03b9698e198d47562765773b4a8309919089150a0bb17d829ad7b44b60d27"},
    {file = "cffi-2.0.0-cp313-cp313-win_amd64.whl", hash = "sha256:19f705ada2530c1167abacb171925dd886168931e0a7b78f5bffcae5c6b5be75"},
    {file = "cffi-2.0.0-cp313-cp313-win_arm64.whl", hash = "sha256:256f80b80ca3853f90c21b23ee78cd008713787b1b1e93eae9f3d6a7134abd91"},
    {file = "cffi-2.0.0-cp314-cp314-macosx_10_13_x86_64.whl", hash = "sha256:fc33c5141b55ed366cfaad382df24fe7dcbc686de5be719b207bb248e3053dc5"},
    {file = "cffi-2.0.0-cp314-cp314-macosx_11_0_arm64.whl", hash = "sha256:c654de545946e0db659b3400168c9ad31b5d29593291482c43e3564effbcee13"},
    {file = "cffi-2.0.0-cp314-cp314-manylinux2014_aarch64.manylinux_2_17_aarch64.whl", hash = "sha256:24b6f81f1983e6df8db3adc38562c83f7d4a0c36162885ec7f7b77c7dcbec97b"},
    {file = "cffi-2.0.0-cp314-cp314-manylinux2014_ppc64le.manylinux_2_17_ppc64le.whl", hash = "sha256:12873ca6cb9b0f0d3a0da705d6086fe911591737a59f28b7936bdfed27c0d47c"},
    {file = "cffi-2.0.0-cp314-cp314-manylinux2014_s390x.manylinux_2_17_s390x.whl", hash = "sha256:d9b97165e8aed9272a6bb17c01e3cc5871a594a446ebedc996e2397a1c1ea8ef"},
    {file = "cffi-2.0.0-cp314-cp314-manylinux2014_x86_64.manylinux_2_17_x86_64.whl", hash = "sha256:afb8db5439b81cf9c9d0c80404b60c3cc9c3add93e114dcae767f1477cb53775"},
    {file = "cffi-2.0.0-cp314-cp314-musllinux_1_2_aarch64.whl", hash = "sha256:737fe7d37e1a1bffe70bd5754ea763a62a066dc5913ca57e957824b72a85e205"},
    {file = "cffi-2.0.0-cp314-cp314-musllinux_1_2_x86_64.whl", hash = "sha256:38100abb9d1b1435bc4cc340bb4489635dc2f0da7456590877030c9b3d40b0c1"},
    {file = "cffi-2.0.0-cp314-cp314-win32.whl", hash = "sha256:087067fa8953339c723661eda6b54bc98c5625757ea62e95eb4898ad5e776e9f"},
    {file = "cffi-2.0.0-cp314-cp314-win_amd64.whl", hash = "sha256:203a48d1fb583fc7d78a4c6655692963b860a417c0528492a6bc21f1aaefab25"},
    {file = "cffi-2.0.0-cp314-cp314-win_arm64.whl", hash = "sha256:dbd5c7a25a7cb98f5ca55d258b103a2054f859a46ae11aaf23134f9cc0d356ad"},
    {file = "cffi-2.0.0-cp314-cp314t-macosx_10_13_x86_64.whl", hash = "sha256:9a67fc9e8eb39039280526379fb3a70023d77caec1852002b4da7e8b270c4dd9"},
    {file = "cffi-2.0.0-cp314-cp314t-macosx_11_0_arm64.whl", hash = "sha256:7a66c7204d8869299919db4d5069a82f1561581af12b11b3c9f48c584eb8743d"},
    {file = "cffi-2.0.0-cp314-cp314t-manylinux2014_aarch64.manylinux_2_17_aarch64.whl", hash = "sha256:7cc09976e8b56f8cebd752f7113ad07752461f48a58cbba644139015ac24954c"},
    {file = "cffi-2.0.0-cp314-cp314t-manylinux2014_ppc64le.manylinux_2_17_ppc64le.whl", hash = "sha256:92b68146a71df78564e4ef48af17551a5ddd142e5190cdf2c5624d0c3ff5b2e8"},
    {file = "cffi-2.0.0-cp314-cp314t-manylinux2014_s390x.manylinux_2_17_s390x.whl", hash = "sha256:b1e74d11748e7e98e2f426ab176d4ed720a64412b6a15054378afdb71e0f37dc"},
    {file = "cffi-2.0.0-cp314-cp314t-manylinux2014_x86_64.manylinux_2_17_x86_64.whl", hash = "sha256:28a3a209b96630bca57cce802da70c266eb08c6e97e5afd61a75611ee6c64592"},
    {file = "cffi-2.0.0-cp314-cp314t-musllinux_1_2_aarch64.whl", hash = "sha256:7553fb2090d71822f02c629afe6042c299edf91ba1bf94951165613553984512"},
    {file = "cffi-2.0.0-cp314-cp314t-musllinux_1_2_x86_64.whl", hash = "sha256:6c6c373cfc5c83a975506110d17457138c8c63016b563cc9ed6e056a82f13ce4"},
    {file = "cffi-2.0.0-cp314-cp314t-win32.whl", hash = "sha256:1fc9ea04857caf665289b7a75923f2c6ed559b8298a1b8c49e59f7dd95c8481e"},
    {file = "cffi-2.0.0-cp314-cp314t-win_amd64.whl", hash = "sha256:d68b6cef7827e8641e8ef16f4494edda8b36104d79773a334beaa1e3521430f6"},
    {file = "cffi-2.0.0-cp314-cp314t-win_arm64.whl", hash = "sha256:0a1527a803f0a659de1af2e1fd700213caba79377e27e4693648c2923da066f9"},
    {file = "cffi-2.0.0-cp39-cp39-macosx_10_13_x86_64.whl", hash = "sha256:fe562eb1a64e67dd297ccc4f5addea2501664954f2692b69a76449ec7913ecbf"},
    {file = "cffi-2.0.0-cp39-cp39-macosx_11_0_arm64.whl", hash = "sha256:de8dad4425a6ca6e4e5e297b27b5c824ecc7581910bf9aee86cb6835e6812aa7"},
    {file = "cffi-2.0.0-cp39-cp39-manylinux1_i686.manylinux2014_i686.manylinux_2_17_i686.manylinux_2_5_i686.whl", hash = "sha256:4647afc2f90d1ddd33441e5b0e85b16b12ddec4fca55f0d9671fef036ecca27c"},
    {file = "cffi-2.0.0-cp39-cp39-manylinux2014_aarch64.manylinux_2_17_aarch64.whl", hash = "sha256:3f4d46d8b35698056ec29bca21546e1551a205058ae1a181d871e278b0b28165"},
    {file = "cffi-2.0.0-cp39-cp39-manylinux2014_ppc64le.manylinux_2_17_ppc64le.whl", hash = "sha256:e6e73b9e02893c764e7e8d5bb5ce277f1a009cd5243f8228f75f842bf937c534"},
    {file = "cffi-2.0.0-cp39-cp39-manylinux2014_s390x.manylinux_2_17_s390x.whl", hash = "sha256:cb527a79772e5ef98fb1d700678fe031e353e765d1ca2d409c92263c6d43e09f"},
    {file = "cffi-2.0.0-cp39-cp39-manylinux2014_x86_64.manylinux_2_17_x86_64.whl", hash = "sha256:61d028e90346df14fedc3d1e5441df818d095f3b87d286825dfcbd6459b7ef63"},
    {file = "cffi-2.0.0-cp39-cp39-musllinux_1_2_aarch64.whl", hash = "sha256:0f6084a0ea23d05d20c3edcda20c3d006f9b6f3fefeac38f59262e10cef47ee2"},
    {file = "cffi-2.0.0-cp39-cp39-musllinux_1_2_i686.whl", hash = "sha256:1cd13c99ce269b3ed80b417dcd591415d3372bcac067009b6e0f59c7d4015e65"},
    {file = "cffi-2.0.0-cp39-cp39-musllinux_1_2_x86_64.whl", hash = "sha256:89472c9762729b5ae1ad974b777416bfda4ac5642423fa93bd57a09204712322"},
    {file = "cffi-2.0.0-cp39-cp39-win32.whl", hash = "sha256:2081580ebb843f759b9f617314a24ed5738c51d2aee65d31e02f6f7a2b97707a"},
    {file = "cffi-2.0.0-cp39-cp39-win_amd64.whl", hash = "sha256:b882b3df248017dba09d6b16defe9b5c407fe32fc7c65a9c69798e6175601be9"},
    {file = "cffi-2.0.0.tar.gz", hash = "sha256:44d1b5909021139fe36001ae048dbdde8214afa20200eda0f64c068cac5d5529"},
]

[package.dependencies]
pycparser = {version = "*", markers = "implementation_name != \"PyPy\""}

[[package]]
name = "numpy"
version = "2.2.6"
description = "Fundamental package for array computing in Python"
optional = false
python-versions = ">=3.10"
groups = ["main"]
files = [
    {file = "numpy-2.2.6-cp310-cp310-macosx_10_9_x86_64.whl", hash = "sha256:b412caa66f72040e6d268491a59f2c43bf03eb6c96dd8f0307829feb7fa2b6fb"},
    {file = "numpy-2.2.6-cp310-cp310-macosx_11_0_arm64.whl", hash = "sha256:8e41fd67c52b86603a91c1a505ebaef50b3314de0213461c7a6e99c9a3beff90"},
    {file = "numpy-2.2.6-cp310-cp310-macosx_14_0_arm64.whl", hash = "sha256:37e990a01ae6ec7fe7fa1c26c55ecb672dd98b19c3d0e1d1f326fa13cb38d163"},
    {file = "numpy-2.2.6-cp310-cp310-macosx_14_0_x86_64.whl", hash = "sha256:5a6429d4be8ca66d889b7cf70f536a397dc45ba6faeb5f8c5427935d9592e9cf"},
    {file = "numpy-2.2.6-cp310-cp310-manylinux_2_17_aarch64.manylinux2014_aarch64.whl", hash = "sha256:efd28d4e9cd7d7a8d39074a4d44c63eda73401580c5c76acda2ce969e0a38e83"},
    {file = "numpy-2.2.6-cp310-cp310-manylinux_2_17_x86_64.manylinux2014_x86_64.whl", hash = "sha256:fc7b73d02efb0e18c000e9ad8b83480dfcd5dfd11065997ed4c6747470ae8915"},
    {file = "numpy-2.2.6-cp310-cp310-musllinux_1_2_aarch64.whl", hash = "sha256:74d4531beb257d2c3f4b261bfb0fc09e0f9ebb8842d82a7b4209415896adc680"},
    {file = "numpy-2.2.6-cp310-cp310-musllinux_1_2_x86_64.whl", hash = "sha256:8fc377d995680230e83241d8a96def29f204b5782f371c532579b4f20607a289"},
    {file = "numpy-2.2.6-cp310-cp310-win32.whl", hash = "sha256:b093dd74e50a8cba3e873868d9e93a85b78e0daf2e98c6797566ad8044e8363d"},
    {file = "numpy-2.2.6-cp310-cp310-win_amd64.whl", hash = "sha256:f0fd6321b839904e15c46e0d257fdd101dd7f530fe03fd6359c1ea63738703f3"},
    {file = "numpy-2.2.6-cp311-cp311-macosx_10_9_x86_64.whl", hash = "sha256:f9f1adb22318e121c5c69a09142811a201ef17ab257a1e66ca3025065b7f53ae"},
    {file = "numpy-2.2.6-cp311-cp311-macosx_11_0_arm64.whl", hash = "sha256:c820a93b0255bc360f53eca31a0e676fd1101f673dda8da93454a12e23fc5f7a"},
    {file = "numpy-2.2.6-cp311-cp311-macosx_14_0_arm64.whl", hash = "sha256:3d70692235e759f260c3d837193090014aebdf026dfd167834bcba43e30c2a42"},
    {file = "numpy-2.2.6-cp311-cp311-macosx_14_0_x86_64.whl", hash = "sha256:481b49095335f8eed42e39e8041327c05b0f6f4780488f61286ed3c01368d491"},
    {file = "numpy-2.2.6-cp311-cp311-manylinux_2_17_aarch64.manylinux2014_aarch64.whl", hash = "sha256:b64d8d4d17135e00c8e346e0a738deb17e754230d7e0810ac5012750bbd85a5a"},
    {file = "numpy-2.2.6-cp311-cp311-manylinux_2_17_x86_64.manylinux2014_x86_64.whl", hash = "sha256:ba10f8411898fc418a521833e014a77d3ca01c15b0c6cdcce6a0d2897e6dbbdf"},
    {file = "numpy-2.2.6-cp311-cp311-musllinux_1_2_aarch64.whl", hash = "sha256:bd48227a919f1bafbdda0583705e547892342c26fb127219d60a5c36882609d1"},
    {file = "numpy-2.2.6-cp311-cp311-musllinux_1_2_x86_64.whl", hash = "sha256:9551a499bf125c1d4f9e250377c1ee2eddd02e01eac6644c080162c0c51778ab"},
    {file = "numpy-2.2.6-cp311-cp311-win32.whl", hash = "sha256:0678000bb9ac1475cd454c6b8c799206af8107e310843532b04d49649c717a47"},
    {file = "numpy-2.2.6-cp311-cp311-win_amd64.whl", hash = "sha256:e8213002e427c69c45a52bbd94163084025f533a55a59d6f9c5b820774ef3303"},
    {file = "numpy-2.2.6-cp312-cp312-macosx_10_13_x86_64.whl", hash = "sha256:41c5a21f4a04fa86436124d388f6ed60a9343a6f767fced1a8a71c3fbca038ff"},
    {file = "numpy-2.2.6-cp312-cp312-macosx_11_0_arm64.whl", hash = "sha256:de749064336d37e340f640b05f24e9e3dd678c57318c7289d222a8a2f543e90c"},
    {file = "numpy-2.2.6-cp312-cp312-macosx_14_0_arm64.whl", hash = "sha256:894b3a42502226a1cac872f840030665f33326fc3dac8e57c607905773cdcde3"},
    {file = "numpy-2.2.6-cp312-cp312-macosx_14_0_x86_64.whl", hash = "sha256:71594f7c51a18e728451bb50cc60a3ce4e6538822731b2933209a1f3614e9282"},
    {file = "numpy-2.2.6-cp312-cp312-manylinux_2_17_aarch64.manylinux2014_aarch64.whl", hash = "sha256:f2618db89be1b4e05f7a1a847a9c1c0abd63e63a1607d892dd54668dd92faf87"},
    {file = "numpy-2.2.6-cp312-cp312-manylinux_2_17_x86_64.manylinux2014_x86_64.whl", hash = "sha256:fd83c01228a688733f1ded5201c678f0c53ecc1006ffbc404db9f7a899ac6249"},
    {file = "numpy-2.2.6-cp312-cp312-musllinux_1_2_aarch64.whl", hash = "sha256:37c0ca431f82cd5fa716eca9506aefcabc247fb27ba69c5062a6d3ade8cf8f49"},
    {file = "numpy-2.2.6-cp312-cp312-musllinux_1_2_x86_64.whl", hash = "sha256:fe27749d33bb772c80dcd84ae7e8df2adc920ae8297400dabec45f0dedb3f6de"},
    {file = "numpy-2.2.6-cp312-cp312-win32.whl", hash = "sha256:4eeaae00d789f66c7a25ac5f34b71a7035bb474e679f410e5e1a94deb24cf2d4"},
    {file = "numpy-2.2.6-cp312-cp312-win_amd64.whl", hash = "sha256:c1f9540be57940698ed329904db803cf7a402f3fc200bfe599334c9bd84a40b2"},
    {file = "numpy-2.2.6-cp313-cp313-macosx_10_13_x86_64.whl", hash = "sha256:0811bb762109d9708cca4d0b13c4f67146e3c3b7cf8d34018c722adb2d957c84"},
    {file = "numpy-2.2.6-cp313-cp313-macosx_11_0_arm64.whl", hash = "sha256:287cc3162b6f01463ccd86be154f284d0893d2b3ed7292439ea97eafa8170e0b"},
    {file = "numpy-2.2.6-cp313-cp313-macosx_14_0_arm64.whl", hash = "sha256:f1372f041402e37e5e633e586f62aa53de2eac8d98cbfb822806ce4bbefcb74d"},
    {file = "numpy-2.2.6-cp313-cp313-macosx_14_0_x86_64.whl", hash = "sha256:55a4d33fa519660d69614a9fad433be87e5252f4b03850642f88993f7b2ca566"},
    {file = "numpy-2.2.6-cp313-cp313-manylinux_2_17_aarch64.manylinux2014_aarch64.whl", hash = "sha256:f92729c95468a2f4f15e9bb94c432a9229d0d50de67304399627a943201baa2f"},
    {file = "numpy-2.2.6-cp313-cp313-manylinux_2_17_x86_64.manylinux2014_x86_64.whl", hash = "sha256:1bc23a79bfabc5d056d106f9befb8d50c31ced2fbc70eedb8155aec74a45798f"},
    {file = "numpy-2.2.6-cp313-cp313-musllinux_1_2_aarch64.whl", hash = "sha256:e3143e4451880bed956e706a3220b4e5cf6172ef05fcc397f6f36a550b1dd868"},
    {file = "numpy-2.2.6-cp313-cp313-musllinux_1_2_x86_64.whl", hash = "sha256:b4f13750ce79751586ae2eb824ba7e1e8dba64784086c98cdbbcc6a42112ce0d"},
    {file = "numpy-2.2.6-cp313-cp313-win32.whl", hash = "sha256:5beb72339d9d4fa36522fc63802f469b13cdbe4fdab4a288f0c441b74272ebfd"},
    {file = "numpy-2.2.6-cp313-cp313-win_amd64.whl", hash = "sha256:b0544343a702fa80c95ad5d3d608ea3599dd54d4632df855e4c8d24eb6ecfa1c"},
    {file = "numpy-2.2.6-cp313-cp313t-macosx_10_13_x86_64.whl", hash = "sha256:0bca768cd85ae743b2affdc762d617eddf3bcf8724435498a1e80132d04879e6"},
    {file = "numpy-2.2.6-cp313-cp313t-macosx_11_0_arm64.whl", hash = "sha256:fc0c5673685c508a142ca65209b4e79ed6740a4ed6b2267dbba90f34b0b3cfda"},
    {file = "numpy-2.2.6-cp313-cp313t-macosx_14_0_arm64.whl", hash = "sha256:5bd4fc3ac8926b3819797a7c0e2631eb889b4118a9898c84f585a54d475b7e40"},
    {file = "numpy-2.2.6-cp313-cp313t-macosx_14_0_x86_64.whl", hash = "sha256:fee4236c876c4e8369388054d02d0e9bb84821feb1a64dd59e137e6511a551f8"},
    {file = "numpy-2.2.6-cp313-cp313t-manylinux_2_17_aarch64.manylinux2014_aarch64.whl", hash = "sha256:e1dda9c7e08dc141e0247a5b8f49cf05984955246a327d4c48bda16821947b2f"},
    {file = "numpy-2.2.6-cp313-cp313t-manylinux_2_17_x86_64.manylinux2014_x86_64.whl", hash = "sha256:f447e6acb680fd307f40d3da4852208af94afdfab89cf850986c3ca00562f4fa"},
    {file = "numpy-2.2.6-cp313-cp313t-musllinux_1_2_aarch64.whl", hash = "sha256:389d771b1623ec92636b0786bc4ae56abafad4a4c513d36a55dce14bd9ce8571"},
    {file = "numpy-2.2.6-cp313-cp313t-musllinux_1_2_x86_64.whl", hash = "sha256:8e9ace4a37db23421249ed236fdcdd457d671e25146786dfc96835cd951aa7c1"},
    {file = "numpy-2.2.6-cp313-cp313t-win32.whl", hash = "sha256:038613e9fb8c72b0a41f025a7e4c3f0b7a1b5d768ece4796b674c8f3fe13efff"},
    {file = "numpy-2.2.6-cp313-cp313t-win_amd64.whl", hash = "sha256:6031dd6dfecc0cf9f668681a37648373bddd6421fff6c66ec1624eed0180ee06"},
    {file = "numpy-2.2.6-pp310-pypy310_pp73-macosx_10_15_x86_64.whl", hash = "sha256:0b605b275d7bd0c640cad4e5d30fa701a8d59302e127e5f79138ad62762c3e3d"},
    {file = "numpy-2.2.6-pp310-pypy310_pp73-macosx_14_0_x86_64.whl", hash = "sha256:7befc596a7dc9da8a337f79802ee8adb30a552a94f792b9c9d18c840055907db"},
    {file = "numpy-2.2.6-pp310-pypy310_pp73-manylinux_2_17_x86_64.manylinux2014_x86_64.whl", hash = "sha256:ce47521a4754c8f4593837384bd3424880629f718d87c5d44f8ed763edd63543"},
    {file = "numpy-2.2.6-pp310-pypy310_pp73-win_amd64.whl", hash = "sha256:d042d24c90c41b54fd506da306759e06e568864df8ec17ccc17e9e884634fd00"},
    {file = "numpy-2.2.6.tar.gz", hash = "sha256:e29554e2bef54a90aa5cc07da6ce955accb83f21ab5de01a62c8478897b264fd"},
]

[[package]]
name = "pycparser"
version = "2.23"
description = "C parser in Python"
optional = false
python-versions = ">=3.8"
groups = ["main"]
markers = "implementation_name != \"PyPy\""
files = [
    {file = "pycparser-2.23-py3-none-any.whl", hash = "sha256:e5c6e8d3fbad53479cab09ac03729e0a9faf2bee3db8208a550daf5af81a5934"},
    {file = "pycparser-2.23.tar.gz", hash = "sha256:78816d4f24add8f10a06d6f05b4d424ad9e96cfebf68a4ddc99c65c0720d00c2"},
]

[[package]]
name = "sherpa-onnx"
version = "1.12.19"
description = ""
optional = false
python-versions = ">=3.7"
groups = ["main"]
files = [
    {file = "sherpa_onnx-1.12.19-cp310-cp310-linux_armv7l.whl", hash = "sha256:f501527a100c44be6dbeedc41571239cbc49420c917dbfc4ee45a06626fb4cfc"},
    {file = "sherpa_onnx-1.12.19-cp310-cp310-macosx_10_15_universal2.whl", hash = "sha256:75eb1bd8d8c10b28cfe70060b571333d913f0262a59fa5061b2228b5a661790a"},
    {file = "sherpa_onnx-1.12.19-cp310-cp310-macosx_10_15_x86_64.whl", hash = "sha256:60a01a052210cd6e26d7c3c4b1b77c187c818ca3799b91aa01d821de6d02a18b"},
    {file = "sherpa_onnx-1.12.19-cp310-cp310-macosx_11_0_arm64.whl", hash = "sha256:58b84ba1f1ae677a5bf58b89e1097868f0757198f2c51dab54ecbaff43a3ed0f"},
    {file = "sherpa_onnx-1.12.19-cp310-cp310-manylinux2014_aarch64.manylinux_2_17_aarch64.whl", hash = "sha256:9886fc386254b7b4261c3447a55462717a81934f34394792936b076d81c9913e"},
    {file = "sherpa_onnx-1.12.19-cp310-cp310-manylinux2014_x86_64.manylinux_2_17_x86_64.whl", hash = "sha256:75039673b545ae87691a74f41cdb3eeaefcccb2ab909d934ee447c039c9d6a71"},
    {file = "sherpa_onnx-1.12.19-cp310-cp310-win32.whl", hash = "sha256:4ee7e252b1ca5a625b3fe82535e63c521d5721a5e209a801857107ef3f13ac27"},
    {file = "sherpa_onnx-1.12.19-cp310-cp310-win_amd64.whl", hash = "sha256:3c20d2cba81b6acd8c6646048c33d2757ba99003421b91635780ef0e1caf54be"},
    {file = "sherpa_onnx-1.12.19-cp311-cp311-linux_armv7l.whl", hash = "sha256:467e959c1c8500cf0bde1f4da8e1beb084255ae94d9921457ee65b85f217d375"},
    {file = "sherpa_onnx-1.12.19-cp311-cp311-macosx_10_15_universal2.whl", hash = "sha256:2d703429f1cc419587ac67f552d306f1e5b09fae1f18f2ff017f6ece233fbfaa"},
    {file = "sherpa_onnx-1.12.19-cp311-cp311-macosx_10_15_x86_64.whl", hash = "sha256:d03638a3e094cafc2da00dfa03208f6b7576ab99bc49117b10d8b9417bd49eb8"},
    {file = "sherpa_onnx-1.12.19-cp311-cp311-macosx_11_0_arm64.whl", hash = "sha256:e55a2616665a5f3e7327abc5cb80d15fd3d1f2ab739a9c0d701dd1940b6f262e"},
    {file = "sherpa_onnx-1.12.19-cp311-cp311-manylinux2014_aarch64.manylinux_2_17_aarch64.whl", hash = "sha256:ac8d78a18b9099d0a37d5c723e22ae135b1aa67f5472e0ca3a0ed3feb4411ed9"},
    {file = "sherpa_onnx-1.12.19-cp311-cp311-manylinux2014_x86_64.manylinux_2_17_x86_64.whl", hash = "sha256:0e15ab0dceed5dcd4dd0aa66cb45e590a0c7bf4c6edaed8a004d16b9a5d0f494"},
    {file = "sherpa_onnx-1.12.19-cp311-cp311-win32.whl", hash = "sha256:6f639b9ee776c0506ed60c1b35741d3e78754313716ccbdccc7fc45083d131e2"},
    {file = "sherpa_onnx-1.12.19-cp311-cp311-win_amd64.whl", hash = "sha256:1c4010b997d15a7e5cdbdc01b3a927b21a85485a3032f843eff94881e5d9fd0d"},
    {file = "sherpa_onnx-1.12.19-cp312-cp312-macosx_10_15_universal2.whl", hash = "sha256:fe4f9468a85a9c5b88f1f1b058d69cc97e9696d28f435b5d390f3c962bc0d13a"},
    {file = "sherpa_onnx-1.12.19-cp312-cp312-macosx_10_15_x86_64.whl", hash = "sha256:41ec9c234c1fa20b954546a00e9451c74d9d421aabc1bf17cbf6bb96fefb8225"},
    {file = "sherpa_onnx-1.12.19-cp312-cp312-macosx_11_0_arm64.whl", hash = "sha256:f6bd19a94031deb4b02e2d3f9ae107d3e01ff6b53f264819c7cfd3507e9c8e6e"},
    {file = "sherpa_onnx-1.12.19-cp312-cp312-manylinux2014_aarch64.manylinux_2_17_aarch64.whl", hash = "sha256:c3c5e6ccffa759b9bdcffa5f20c77d945a933aa01930af9234df53a0292436a0"},
    {file = "sherpa_onnx-1.12.19-cp312-cp312-manylinux2014_x86_64.manylinux_2_17_x86_64.whl", hash = "sha256:696551c46dfb66504c4545749da2a76b9ad7cbf134b7060a61016e11b168bb80"},
    {file = "sherpa_onnx-1.12.19-cp312-cp312-win32.whl", hash = "sha256:07e13bb43382145ee1dd45d30e4cfc795ebe99a12480047e5d694d395ffad92f"},
    {file = "sherpa_onnx-1.12.19-cp312-cp312-win_amd64.whl", hash = "sha256:5f1e7012da72d8323e830c1fc75e898d1f75b79366827881ca7d6609ad6e9358"},
    {file = "sherpa_onnx-1.12.19-cp313-cp313-macosx_10_15_universal2.whl", hash = "sha256:1e7183d4efd5c10fd80e912e815cc85cb6fe5bd589390d26d0e2754c4d951f3d"},
    {file = "sherpa_onnx-1.12.19-cp313-cp313-macosx_10_15_x86_64.whl", hash = "sha256:20dd23b0208cca23d0a309822a9213978ce98d448cf2cf3b5948bd3024a66eef"},
    {file = "sherpa_onnx-1.12.19-cp313-cp313-macosx_11_0_arm64.whl", hash = "sha256:103cdbcbf92f64347e673086bea685caa39914747907c0af26228e135cbd1e37"},
    {file = "sherpa_onnx-1.12.19-cp313-cp313-manylinux2014_aarch64.manylinux_2_17_aarch64.whl", hash = "sha256:ad7cac1020560c102271b229d97c9ea0a23dcbb62ae8167d0b0abf5123fd9da7"},
    {file = "sherpa_onnx-1.12.19-cp313-cp313-manylinux2014_x86_64.manylinux_2_17_x86_64.whl", hash = "sha256:87fb42d7de124a30ccea45bbaad969e2f330519c7596d356e4bf8f9b4534ed11"},
    {file = "sherpa_onnx-1.12.19-cp313-cp313-win32.whl", hash = "sha256:d6fde644cc347f3f79b7f713d4602568562357669cf6c01804cde163291e056c"},
    {file = "sherpa_onnx-1.12.19-cp313-cp313-win_amd64.whl", hash = "sha256:28fc333d57e40ddf841a4eb36461b379d7ebdff91996be09aec14f31fbdf414d"},
    {file = "sherpa_onnx-1.12.19-cp314-cp314-macosx_10_15_universal2.whl", hash = "sha256:35f6b7417c990bebd874da0bb47cc1eeaa49d100be4004c80a319c7be7ead7e3"},
    {file = "sherpa_onnx-1.12.19-cp314-cp314-macosx_10_15_x86_64.whl", hash = "sha256:2b0b96e38668d5c4bd521396e25e6efc153aa0153757e63f16a6d0be3d61831b"},
    {file = "sherpa_onnx-1.12.19-cp314-cp314-macosx_11_0_arm64.whl", hash = "sha256:84d70e2c00425afb3f93d1317e6f9a913be29b2ca875fcfaaef72897fed74b79"},
    {file = "sherpa_onnx-1.12.19-cp314-cp314-manylinux2014_aarch64.manylinux_2_17_aarch64.whl", hash = "sha256:1ebdb1c5bcf849dacac00b6fc38bd7ec3f65794dc19a025b9232b30f6a757a2a"},
    {file = "sherpa_onnx-1.12.19-cp314-cp314-manylinux2014_x86_64.manylinux_2_17_x86_64.whl", hash = "sha256:d0a42c3316b0a678aa72285b77a5abb820dbf1573d7ae9a4c0c49262be38c687"},
    {file = "sherpa_onnx-1.12.19-cp314-cp314-win32.whl", hash = "sha256:b85c68a46d5d1fa1db013953e684f8e9194e1e6d95cd2561bea65582e6ce8eef"},
    {file = "sherpa_onnx-1.12.19-cp37-cp37m-win_amd64.whl", hash = "sha256:8000858f41efd8d84add6c2b4f317c61b652a115f697cdd8249695fc865addfb"},
    {file = "sherpa_onnx-1.12.19-cp38-cp38-linux_armv7l.whl", hash = "sha256:ce17861389a7d13c9bc014066403c56e6173c9753eea0ce61f47c5335d421c5e"},
    {file = "sherpa_onnx-1.12.19-cp38-cp38-macosx_10_15_universal2.whl", hash = "sha256:06fa6472b2213671e3ce42cdb2be5bbd7be69753eb92e2df8479d17fee2fd86a"},
    {file = "sherpa_onnx-1.12.19-cp38-cp38-macosx_10_15_x86_64.whl", hash = "sha256:544efa581bd84a585391a93eabe0fd6d5e0b634b30c526bfca4cd1c66d64e863"},
    {file = "sherpa_onnx-1.12.19-cp38-cp38-macosx_11_0_arm64.whl", hash = "sha256:4861cf4940d7c664b41c05287aafd4b3d2c35d455555364a0918039d1f3eb9bf"},
    {file = "sherpa_onnx-1.12.19-cp38-cp38-manylinux2014_aarch64.manylinux_2_17_aarch64.whl", hash = "sha256:ab4a22ec9ece803d296f6827090efc172b92b4fa57e5fa78f9e17930db350bae"},
    {file = "sherpa_onnx-1.12.19-cp38-cp38-manylinux2014_x86_64.manylinux_2_17_x86_64.whl", hash = "sha256:17c841bb4f89ca71505984fa7fddd7018af948e1f5471e524faaa6e5830aeba9"},
    {file = "sherpa_onnx-1.12.19-cp38-cp38-win32.whl", hash = "sha256:40488fcc7d5e91de67004721ccd5226471045fea719bfe2b2a7385fa1baef1ac"},
    {file = "sherpa_onnx-1.12.19-cp38-cp38-win_amd64.whl", hash = "sha256:2b8f8601fb2c241f3c2f625013b610aa0f5cd3b786a1a5c2e0192346647a052d"},
    {file = "sherpa_onnx-1.12.19-cp39-cp39-linux_armv7l.whl", hash = "sha256:3257b9963813f22756944d3ac57b85eb6a5f60b98d7ffc59cbdca539f2f97808"},
    {file = "sherpa_onnx-1.12.19-cp39-cp39-macosx_10_15_universal2.whl", hash = "sha256:3e2c56017386bc774faa8769bf26fe4b1ee29e51d559c134ec2d6e1240107b73"},
    {file = "sherpa_onnx-1.12.19-cp39-cp39-macosx_10_15_x86_64.whl", hash = "sha256:89d08d5b0919e21672e51907b14d108054a75b07de84a3f9b88bf6e08f5990de"},
    {file = "sherpa_onnx-1.12.19-cp39-cp39-macosx_11_0_arm64.whl", hash = "sha256:7d8758f526ec7c1fbd7622608963d682e1cb4891b5333afc6304d6554f84c345"},
    {file = "sherpa_onnx-1.12.19-cp39-cp39-manylinux2014_aarch64.manylinux_2_17_aarch64.whl", hash = "sha256:74fcef8f84a2b9dbd13a76f7ec3bb3b89a770819fa560419cbb73045e872b60d"},
    {file = "sherpa_onnx-1.12.19-cp39-cp39-manylinux2014_x86_64.manylinux_2_17_x86_64.whl", hash = "sha256:b7d836335cf32325f27407b91c5f0c37f77af11686e70ee6d3e373aedbb6a840"},
    {file = "sherpa_onnx-1.12.19-cp39-cp39-win32.whl", hash = "sha256:f65f5071b42d5961a2fe09ed769db036613824247d9a453d1ffa3badea3113df"},
    {file = "sherpa_onnx-1.12.19-cp39-cp39-win_amd64.whl", hash = "sha256:0695fbd804b8e9dabb7df28b94cd39297dc975f4ad8dd13a5b4226ac6f0cf66f"},
    {file = "sherpa_onnx-1.12.19.tar.gz", hash = "sha256:29ac7cba4a82d89111f2d22b0fcadd00387b8dc478ed0968d010f59a7a227829"},
]

[package.dependencies]
sherpa-onnx-core = "1.12.19"

[[package]]
name = "sherpa-onnx-core"
version = "1.12.19"
description = "Core shared libraries for sherpa-onnx"
optional = false
python-versions = "*"
groups = ["main"]
files = [
    {file = "sherpa_onnx_core-1.12.19-py3-none-macosx_10_15_universal2.whl", hash = "sha256:eaae852109c29f60dd5e459f907fa517af48dad5ff7fcf62f21f28ca361dff2c"},
    {file = "sherpa_onnx_core-1.12.19-py3-none-macosx_10_15_x86_64.whl", hash = "sha256:61beb54514fe4997c498b336b6ceee0c392d0e98cb721627a457d04bbfe26608"},
    {file = "sherpa_onnx_core-1.12.19-py3-none-macosx_11_0_arm64.whl", hash = "sha256:0aad980c0fbec7b843e427d1884bdf07b17dd082d7b45de604fd0aa6c2d0338e"},
    {file = "sherpa_onnx_core-1.12.19-py3-none-manylinux2014_aarch64.whl", hash = "sha256:8de5f4ed3d1416a6d1867cec6d22bbe07869d6f30163f50d47b14f6387015012"},
    {file = "sherpa_onnx_core-1.12.19-py3-none-manylinux2014_x86_64.whl", hash = "sha256:721297b4556e3742babe8d856da156ffee8733eb2850e99efa7898de8dbc2f62"},
    {file = "sherpa_onnx_core-1.12.19-py3-none-win32.whl", hash = "sha256:9a892a7ba9967f8804ffd870a127466efecef606328e71ef46ce30d4a4ee3443"},
    {file = "sherpa_onnx_core-1.12.19-py3-none-win_amd64.whl", hash = "sha256:3b0a0b3bb02ee9f64b145962d78c12bc074a2da84b0d85d729bb627ac6e7e90f"},
]

[[package]]
name = "sounddevice"
version = "0.5.3"
description = "Play and Record Sound with Python"
optional = false
python-versions = ">=3.7"
groups = ["main"]
files = [
    {file = "sounddevice-0.5.3-py3-none-any.whl", hash = "sha256:ea7738baa0a9f9fef7390f649e41c9f2c8ada776180e56c2ffd217133c92a806"},
    {file = "sounddevice-0.5.3-py3-none-macosx_10_6_x86_64.macosx_10_6_universal2.whl", hash = "sha256:278dc4451fff70934a176df048b77d80d7ce1623a6ec9db8b34b806f3112f9c2"},
    {file = "sounddevice-0.5.3-py3-none-win32.whl", hash = "sha256:845d6927bcf14e84be5292a61ab3359cf8e6b9145819ec6f3ac2619ff089a69c"},
    {file = "sounddevice-0.5.3-py3-none-win_amd64.whl", hash = "sha256:f55ad20082efc2bdec06928e974fbcae07bc6c405409ae1334cefe7d377eb687"},
    {file = "sounddevice-0.5.3.tar.gz", hash = "sha256:cbac2b60198fbab84533697e7c4904cc895ec69d5fb3973556c9eb74a4629b2c"},
]

[package.dependencies]
CFFI = ">=1.0"

[package.extras]
numpy = ["NumPy"]

[metadata]
lock-version = "2.1"
python-versions = ">=3.10,<4.0"
content-hash = "dbd6f2b54a2bba951bcf299ac953a7da59bc9f09fb27cd363e06dba8a6190db3"
